
Microsoft Visual Studio Solution File, Format Version 12.00
# Visual Studio 15
VisualStudioVersion = 15.0.28010.2019
MinimumVisualStudioVersion = 10.0.40219.1
Project("{FAE04EC0-301F-11D3-BF4B-00C04F79EFBC}") = "AniMall", "AniMall\AniMall.csproj", "{00DAEC65-2B98-492E-953A-2C3A7EEDE5BE}"
EndProject
Global
	GlobalSection(SolutionConfigurationPlatforms) = preSolution
		Debug|Any CPU = Debug|Any CPU
		Release|Any CPU = Release|Any CPU
	EndGlobalSection
	GlobalSection(ProjectConfigurationPlatforms) = postSolution
		{00DAEC65-2B98-492E-953A-2C3A7EEDE5BE}.Debug|Any CPU.ActiveCfg = Debug|Any CPU
		{00DAEC65-2B98-492E-953A-2C3A7EEDE5BE}.Debug|Any CPU.Build.0 = Debug|Any CPU
		{00DAEC65-2B98-492E-953A-2C3A7EEDE5BE}.Release|Any CPU.ActiveCfg = Release|Any CPU
		{00DAEC65-2B98-492E-953A-2C3A7EEDE5BE}.Release|Any CPU.Build.0 = Release|Any CPU
	EndGlobalSection
	GlobalSection(SolutionProperties) = preSolution
		HideSolutionNode = FALSE
	EndGlobalSection
	GlobalSection(ExtensibilityGlobals) = postSolution
		SolutionGuid = {F7B7E06E-AF1A-4214-AF6E-C349253D3AF4}
	EndGlobalSection
EndGlobal
