
Microsoft Visual Studio Solution File, Format Version 12.00
# Visual Studio 15
VisualStudioVersion = 15.0.28010.2019
MinimumVisualStudioVersion = 10.0.40219.1
Project("{FAE04EC0-301F-11D3-BF4B-00C04F79EFBC}") = "PetShop", "PetShop\PetShop.csproj", "{1620F213-9B45-49ED-B6D8-DC5971C3C218}"
EndProject
Global
	GlobalSection(SolutionConfigurationPlatforms) = preSolution
		Debug|Any CPU = Debug|Any CPU
		Release|Any CPU = Release|Any CPU
	EndGlobalSection
	GlobalSection(ProjectConfigurationPlatforms) = postSolution
		{1620F213-9B45-49ED-B6D8-DC5971C3C218}.Debug|Any CPU.ActiveCfg = Debug|Any CPU
		{1620F213-9B45-49ED-B6D8-DC5971C3C218}.Debug|Any CPU.Build.0 = Debug|Any CPU
		{1620F213-9B45-49ED-B6D8-DC5971C3C218}.Release|Any CPU.ActiveCfg = Release|Any CPU
		{1620F213-9B45-49ED-B6D8-DC5971C3C218}.Release|Any CPU.Build.0 = Release|Any CPU
	EndGlobalSection
	GlobalSection(SolutionProperties) = preSolution
		HideSolutionNode = FALSE
	EndGlobalSection
	GlobalSection(ExtensibilityGlobals) = postSolution
		SolutionGuid = {037038A2-EDEA-4160-AD02-18BE09F4C960}
	EndGlobalSection
EndGlobal
